// !$*UTF8*$!
{
	archiveVersion = 1;
	classes = {
	};
	objectVersion = 50;
	objects = {

/* Begin PBXBuildFile section */
		FE63EB5C25697C2900C40839 /* ETtracker WatchKit Extension.appex in Embed App Extensions */ = {isa = PBXBuildFile; fileRef = FE69B324255C084C00556480 /* ETtracker WatchKit Extension.appex */; settings = {ATTRIBUTES = (RemoveHeadersOnCopy, ); }; };
		FE63EB6A25697E4600C40839 /* WatchConnectivity.framework in Frameworks */ = {isa = PBXBuildFile; fileRef = FE63EB6925697E4600C40839 /* WatchConnectivity.framework */; };
		FE69B305255C084800556480 /* AppDelegate.swift in Sources */ = {isa = PBXBuildFile; fileRef = FE69B304255C084800556480 /* AppDelegate.swift */; };
		FE69B307255C084800556480 /* SceneDelegate.swift in Sources */ = {isa = PBXBuildFile; fileRef = FE69B306255C084800556480 /* SceneDelegate.swift */; };
		FE69B309255C084800556480 /* ViewController.swift in Sources */ = {isa = PBXBuildFile; fileRef = FE69B308255C084800556480 /* ViewController.swift */; };
		FE69B30C255C084800556480 /* Main.storyboard in Resources */ = {isa = PBXBuildFile; fileRef = FE69B30A255C084800556480 /* Main.storyboard */; };
		FE69B30E255C084A00556480 /* Assets.xcassets in Resources */ = {isa = PBXBuildFile; fileRef = FE69B30D255C084A00556480 /* Assets.xcassets */; };
		FE69B311255C084A00556480 /* LaunchScreen.storyboard in Resources */ = {isa = PBXBuildFile; fileRef = FE69B30F255C084A00556480 /* LaunchScreen.storyboard */; };
		FE69B31C255C084A00556480 /* Interface.storyboard in Resources */ = {isa = PBXBuildFile; fileRef = FE69B31A255C084A00556480 /* Interface.storyboard */; };
		FE69B31E255C084B00556480 /* Assets.xcassets in Resources */ = {isa = PBXBuildFile; fileRef = FE69B31D255C084B00556480 /* Assets.xcassets */; };
		FE69B32A255C084C00556480 /* InterfaceController.swift in Sources */ = {isa = PBXBuildFile; fileRef = FE69B329255C084C00556480 /* InterfaceController.swift */; };
		FE69B32C255C084C00556480 /* ExtensionDelegate.swift in Sources */ = {isa = PBXBuildFile; fileRef = FE69B32B255C084C00556480 /* ExtensionDelegate.swift */; };
		FE69B32E255C084C00556480 /* NotificationController.swift in Sources */ = {isa = PBXBuildFile; fileRef = FE69B32D255C084C00556480 /* NotificationController.swift */; };
		FE69B330255C084C00556480 /* ComplicationController.swift in Sources */ = {isa = PBXBuildFile; fileRef = FE69B32F255C084C00556480 /* ComplicationController.swift */; };
		FE69B332255C084D00556480 /* Assets.xcassets in Resources */ = {isa = PBXBuildFile; fileRef = FE69B331255C084D00556480 /* Assets.xcassets */; };
		FE69B346255C099A00556480 /* PoseViewController.swift in Sources */ = {isa = PBXBuildFile; fileRef = FE69B345255C099A00556480 /* PoseViewController.swift */; };
		FE73990B25602BD7003FFF0B /* GraphViewController.swift in Sources */ = {isa = PBXBuildFile; fileRef = FE73990A25602BD7003FFF0B /* GraphViewController.swift */; };
/* End PBXBuildFile section */

/* Begin PBXContainerItemProxy section */
		FE63EB5A25697C1B00C40839 /* PBXContainerItemProxy */ = {
			isa = PBXContainerItemProxy;
			containerPortal = FE69B2F9255C084700556480 /* Project object */;
			proxyType = 1;
			remoteGlobalIDString = FE69B314255C084A00556480;
			remoteInfo = "ETtracker WatchKit App";
		};
		FE63EB5D25697C2900C40839 /* PBXContainerItemProxy */ = {
			isa = PBXContainerItemProxy;
			containerPortal = FE69B2F9255C084700556480 /* Project object */;
			proxyType = 1;
			remoteGlobalIDString = FE69B323255C084C00556480;
			remoteInfo = "ETtracker WatchKit Extension";
		};
		FE69B317255C084A00556480 /* PBXContainerItemProxy */ = {
			isa = PBXContainerItemProxy;
			containerPortal = FE69B2F9255C084700556480 /* Project object */;
			proxyType = 1;
			remoteGlobalIDString = FE69B314255C084A00556480;
			remoteInfo = "ETtracker WatchKit App";
		};
		FE69B326255C084C00556480 /* PBXContainerItemProxy */ = {
			isa = PBXContainerItemProxy;
			containerPortal = FE69B2F9255C084700556480 /* Project object */;
			proxyType = 1;
			remoteGlobalIDString = FE69B323255C084C00556480;
			remoteInfo = "ETtracker WatchKit Extension";
		};
/* End PBXContainerItemProxy section */

/* Begin PBXCopyFilesBuildPhase section */
		FE63EB5F25697C2900C40839 /* Embed App Extensions */ = {
			isa = PBXCopyFilesBuildPhase;
			buildActionMask = 2147483647;
			dstPath = "";
			dstSubfolderSpec = 13;
			files = (
				FE63EB5C25697C2900C40839 /* ETtracker WatchKit Extension.appex in Embed App Extensions */,
			);
			name = "Embed App Extensions";
			runOnlyForDeploymentPostprocessing = 0;
		};
		FE69B33A255C084D00556480 /* Embed App Extensions */ = {
			isa = PBXCopyFilesBuildPhase;
			buildActionMask = 2147483647;
			dstPath = "";
			dstSubfolderSpec = 13;
			files = (
			);
			name = "Embed App Extensions";
			runOnlyForDeploymentPostprocessing = 0;
		};
		FE69B33E255C084D00556480 /* Embed Watch Content */ = {
			isa = PBXCopyFilesBuildPhase;
			buildActionMask = 2147483647;
			dstPath = "$(CONTENTS_FOLDER_PATH)/Watch";
			dstSubfolderSpec = 16;
			files = (
			);
			name = "Embed Watch Content";
			runOnlyForDeploymentPostprocessing = 0;
		};
/* End PBXCopyFilesBuildPhase section */

/* Begin PBXFileReference section */
		FE63EB6925697E4600C40839 /* WatchConnectivity.framework */ = {isa = PBXFileReference; lastKnownFileType = wrapper.framework; name = WatchConnectivity.framework; path = Platforms/iPhoneOS.platform/Developer/SDKs/iPhoneOS14.3.sdk/System/Library/Frameworks/WatchConnectivity.framework; sourceTree = DEVELOPER_DIR; };
		FE69B301255C084800556480 /* ETtracker.app */ = {isa = PBXFileReference; explicitFileType = wrapper.application; includeInIndex = 0; path = ETtracker.app; sourceTree = BUILT_PRODUCTS_DIR; };
		FE69B304255C084800556480 /* AppDelegate.swift */ = {isa = PBXFileReference; lastKnownFileType = sourcecode.swift; path = AppDelegate.swift; sourceTree = "<group>"; };
		FE69B306255C084800556480 /* SceneDelegate.swift */ = {isa = PBXFileReference; lastKnownFileType = sourcecode.swift; path = SceneDelegate.swift; sourceTree = "<group>"; };
		FE69B308255C084800556480 /* ViewController.swift */ = {isa = PBXFileReference; lastKnownFileType = sourcecode.swift; path = ViewController.swift; sourceTree = "<group>"; };
		FE69B30B255C084800556480 /* Base */ = {isa = PBXFileReference; lastKnownFileType = file.storyboard; name = Base; path = Base.lproj/Main.storyboard; sourceTree = "<group>"; };
		FE69B30D255C084A00556480 /* Assets.xcassets */ = {isa = PBXFileReference; lastKnownFileType = folder.assetcatalog; path = Assets.xcassets; sourceTree = "<group>"; };
		FE69B310255C084A00556480 /* Base */ = {isa = PBXFileReference; lastKnownFileType = file.storyboard; name = Base; path = Base.lproj/LaunchScreen.storyboard; sourceTree = "<group>"; };
		FE69B312255C084A00556480 /* Info.plist */ = {isa = PBXFileReference; lastKnownFileType = text.plist.xml; path = Info.plist; sourceTree = "<group>"; };
		FE69B315255C084A00556480 /* ETtracker WatchKit App.app */ = {isa = PBXFileReference; explicitFileType = wrapper.application; includeInIndex = 0; path = "ETtracker WatchKit App.app"; sourceTree = BUILT_PRODUCTS_DIR; };
		FE69B31B255C084A00556480 /* Base */ = {isa = PBXFileReference; lastKnownFileType = file.storyboard; name = Base; path = Base.lproj/Interface.storyboard; sourceTree = "<group>"; };
		FE69B31D255C084B00556480 /* Assets.xcassets */ = {isa = PBXFileReference; lastKnownFileType = folder.assetcatalog; path = Assets.xcassets; sourceTree = "<group>"; };
		FE69B31F255C084B00556480 /* Info.plist */ = {isa = PBXFileReference; lastKnownFileType = text.plist.xml; path = Info.plist; sourceTree = "<group>"; };
		FE69B324255C084C00556480 /* ETtracker WatchKit Extension.appex */ = {isa = PBXFileReference; explicitFileType = "wrapper.app-extension"; includeInIndex = 0; path = "ETtracker WatchKit Extension.appex"; sourceTree = BUILT_PRODUCTS_DIR; };
		FE69B329255C084C00556480 /* InterfaceController.swift */ = {isa = PBXFileReference; lastKnownFileType = sourcecode.swift; path = InterfaceController.swift; sourceTree = "<group>"; };
		FE69B32B255C084C00556480 /* ExtensionDelegate.swift */ = {isa = PBXFileReference; lastKnownFileType = sourcecode.swift; path = ExtensionDelegate.swift; sourceTree = "<group>"; };
		FE69B32D255C084C00556480 /* NotificationController.swift */ = {isa = PBXFileReference; lastKnownFileType = sourcecode.swift; path = NotificationController.swift; sourceTree = "<group>"; };
		FE69B32F255C084C00556480 /* ComplicationController.swift */ = {isa = PBXFileReference; lastKnownFileType = sourcecode.swift; path = ComplicationController.swift; sourceTree = "<group>"; };
		FE69B331255C084D00556480 /* Assets.xcassets */ = {isa = PBXFileReference; lastKnownFileType = folder.assetcatalog; path = Assets.xcassets; sourceTree = "<group>"; };
		FE69B333255C084D00556480 /* Info.plist */ = {isa = PBXFileReference; lastKnownFileType = text.plist.xml; path = Info.plist; sourceTree = "<group>"; };
		FE69B334255C084D00556480 /* PushNotificationPayload.apns */ = {isa = PBXFileReference; lastKnownFileType = text; path = PushNotificationPayload.apns; sourceTree = "<group>"; };
		FE69B345255C099A00556480 /* PoseViewController.swift */ = {isa = PBXFileReference; lastKnownFileType = sourcecode.swift; path = PoseViewController.swift; sourceTree = "<group>"; };
		FE73990A25602BD7003FFF0B /* GraphViewController.swift */ = {isa = PBXFileReference; lastKnownFileType = sourcecode.swift; path = GraphViewController.swift; sourceTree = "<group>"; };
/* End PBXFileReference section */

/* Begin PBXFrameworksBuildPhase section */
		FE69B2FE255C084700556480 /* Frameworks */ = {
			isa = PBXFrameworksBuildPhase;
			buildActionMask = 2147483647;
			files = (
				FE63EB6A25697E4600C40839 /* WatchConnectivity.framework in Frameworks */,
			);
			runOnlyForDeploymentPostprocessing = 0;
		};
		FE69B321255C084C00556480 /* Frameworks */ = {
			isa = PBXFrameworksBuildPhase;
			buildActionMask = 2147483647;
			files = (
			);
			runOnlyForDeploymentPostprocessing = 0;
		};
/* End PBXFrameworksBuildPhase section */

/* Begin PBXGroup section */
		FE63EB5925697C1B00C40839 /* Frameworks */ = {
			isa = PBXGroup;
			children = (
				FE63EB6925697E4600C40839 /* WatchConnectivity.framework */,
			);
			name = Frameworks;
			sourceTree = "<group>";
		};
		FE69B2F8255C084700556480 = {
			isa = PBXGroup;
			children = (
				FE69B303255C084800556480 /* ETtracker */,
				FE69B319255C084A00556480 /* ETtracker WatchKit App */,
				FE69B328255C084C00556480 /* ETtracker WatchKit Extension */,
				FE69B302255C084800556480 /* Products */,
				FE63EB5925697C1B00C40839 /* Frameworks */,
			);
			sourceTree = "<group>";
		};
		FE69B302255C084800556480 /* Products */ = {
			isa = PBXGroup;
			children = (
				FE69B301255C084800556480 /* ETtracker.app */,
				FE69B315255C084A00556480 /* ETtracker WatchKit App.app */,
				FE69B324255C084C00556480 /* ETtracker WatchKit Extension.appex */,
			);
			name = Products;
			sourceTree = "<group>";
		};
		FE69B303255C084800556480 /* ETtracker */ = {
			isa = PBXGroup;
			children = (
				FE69B304255C084800556480 /* AppDelegate.swift */,
				FE69B306255C084800556480 /* SceneDelegate.swift */,
				FE69B308255C084800556480 /* ViewController.swift */,
				FE69B30A255C084800556480 /* Main.storyboard */,
				FE73990A25602BD7003FFF0B /* GraphViewController.swift */,
				FE69B345255C099A00556480 /* PoseViewController.swift */,
				FE69B30D255C084A00556480 /* Assets.xcassets */,
				FE69B30F255C084A00556480 /* LaunchScreen.storyboard */,
				FE69B312255C084A00556480 /* Info.plist */,
			);
			path = ETtracker;
			sourceTree = "<group>";
		};
		FE69B319255C084A00556480 /* ETtracker WatchKit App */ = {
			isa = PBXGroup;
			children = (
				FE69B31A255C084A00556480 /* Interface.storyboard */,
				FE69B31D255C084B00556480 /* Assets.xcassets */,
				FE69B31F255C084B00556480 /* Info.plist */,
			);
			path = "ETtracker WatchKit App";
			sourceTree = "<group>";
		};
		FE69B328255C084C00556480 /* ETtracker WatchKit Extension */ = {
			isa = PBXGroup;
			children = (
				FE69B329255C084C00556480 /* InterfaceController.swift */,
				FE69B32B255C084C00556480 /* ExtensionDelegate.swift */,
				FE69B32D255C084C00556480 /* NotificationController.swift */,
				FE69B32F255C084C00556480 /* ComplicationController.swift */,
				FE69B331255C084D00556480 /* Assets.xcassets */,
				FE69B333255C084D00556480 /* Info.plist */,
				FE69B334255C084D00556480 /* PushNotificationPayload.apns */,
			);
			path = "ETtracker WatchKit Extension";
			sourceTree = "<group>";
		};
/* End PBXGroup section */

/* Begin PBXNativeTarget section */
		FE69B300255C084700556480 /* ETtracker */ = {
			isa = PBXNativeTarget;
			buildConfigurationList = FE69B33F255C084D00556480 /* Build configuration list for PBXNativeTarget "ETtracker" */;
			buildPhases = (
				FE69B2FD255C084700556480 /* Sources */,
				FE69B2FE255C084700556480 /* Frameworks */,
				FE69B2FF255C084700556480 /* Resources */,
				FE69B33E255C084D00556480 /* Embed Watch Content */,
				FE63EB5F25697C2900C40839 /* Embed App Extensions */,
			);
			buildRules = (
			);
			dependencies = (
				FE69B318255C084A00556480 /* PBXTargetDependency */,
				FE63EB5B25697C1B00C40839 /* PBXTargetDependency */,
				FE63EB5E25697C2900C40839 /* PBXTargetDependency */,
			);
			name = ETtracker;
			productName = ETtracker;
			productReference = FE69B301255C084800556480 /* ETtracker.app */;
			productType = "com.apple.product-type.application";
		};
		FE69B314255C084A00556480 /* ETtracker WatchKit App */ = {
			isa = PBXNativeTarget;
			buildConfigurationList = FE69B33B255C084D00556480 /* Build configuration list for PBXNativeTarget "ETtracker WatchKit App" */;
			buildPhases = (
				FE69B313255C084A00556480 /* Resources */,
				FE69B33A255C084D00556480 /* Embed App Extensions */,
			);
			buildRules = (
			);
			dependencies = (
				FE69B327255C084C00556480 /* PBXTargetDependency */,
			);
			name = "ETtracker WatchKit App";
			productName = "ETtracker WatchKit App";
			productReference = FE69B315255C084A00556480 /* ETtracker WatchKit App.app */;
			productType = "com.apple.product-type.application.watchapp2";
		};
		FE69B323255C084C00556480 /* ETtracker WatchKit Extension */ = {
			isa = PBXNativeTarget;
			buildConfigurationList = FE69B337255C084D00556480 /* Build configuration list for PBXNativeTarget "ETtracker WatchKit Extension" */;
			buildPhases = (
				FE69B320255C084C00556480 /* Sources */,
				FE69B321255C084C00556480 /* Frameworks */,
				FE69B322255C084C00556480 /* Resources */,
			);
			buildRules = (
			);
			dependencies = (
			);
			name = "ETtracker WatchKit Extension";
			productName = "ETtracker WatchKit Extension";
			productReference = FE69B324255C084C00556480 /* ETtracker WatchKit Extension.appex */;
			productType = "com.apple.product-type.watchkit2-extension";
		};
/* End PBXNativeTarget section */

/* Begin PBXProject section */
		FE69B2F9255C084700556480 /* Project object */ = {
			isa = PBXProject;
			attributes = {
				LastSwiftUpdateCheck = 1220;
				LastUpgradeCheck = 1220;
				TargetAttributes = {
					FE69B300255C084700556480 = {
						CreatedOnToolsVersion = 12.2;
					};
					FE69B314255C084A00556480 = {
						CreatedOnToolsVersion = 12.2;
					};
					FE69B323255C084C00556480 = {
						CreatedOnToolsVersion = 12.2;
					};
				};
			};
			buildConfigurationList = FE69B2FC255C084700556480 /* Build configuration list for PBXProject "ETtracker" */;
			compatibilityVersion = "Xcode 9.3";
			developmentRegion = en;
			hasScannedForEncodings = 0;
			knownRegions = (
				en,
				Base,
			);
			mainGroup = FE69B2F8255C084700556480;
			productRefGroup = FE69B302255C084800556480 /* Products */;
			projectDirPath = "";
			projectRoot = "";
			targets = (
				FE69B300255C084700556480 /* ETtracker */,
				FE69B314255C084A00556480 /* ETtracker WatchKit App */,
				FE69B323255C084C00556480 /* ETtracker WatchKit Extension */,
			);
		};
/* End PBXProject section */

/* Begin PBXResourcesBuildPhase section */
		FE69B2FF255C084700556480 /* Resources */ = {
			isa = PBXResourcesBuildPhase;
			buildActionMask = 2147483647;
			files = (
				FE69B311255C084A00556480 /* LaunchScreen.storyboard in Resources */,
				FE69B30E255C084A00556480 /* Assets.xcassets in Resources */,
				FE69B30C255C084800556480 /* Main.storyboard in Resources */,
			);
			runOnlyForDeploymentPostprocessing = 0;
		};
		FE69B313255C084A00556480 /* Resources */ = {
			isa = PBXResourcesBuildPhase;
			buildActionMask = 2147483647;
			files = (
				FE69B31E255C084B00556480 /* Assets.xcassets in Resources */,
				FE69B31C255C084A00556480 /* Interface.storyboard in Resources */,
			);
			runOnlyForDeploymentPostprocessing = 0;
		};
		FE69B322255C084C00556480 /* Resources */ = {
			isa = PBXResourcesBuildPhase;
			buildActionMask = 2147483647;
			files = (
				FE69B332255C084D00556480 /* Assets.xcassets in Resources */,
			);
			runOnlyForDeploymentPostprocessing = 0;
		};
/* End PBXResourcesBuildPhase section */

/* Begin PBXSourcesBuildPhase section */
		FE69B2FD255C084700556480 /* Sources */ = {
			isa = PBXSourcesBuildPhase;
			buildActionMask = 2147483647;
			files = (
				FE69B309255C084800556480 /* ViewController.swift in Sources */,
				FE73990B25602BD7003FFF0B /* GraphViewController.swift in Sources */,
				FE69B346255C099A00556480 /* PoseViewController.swift in Sources */,
				FE69B305255C084800556480 /* AppDelegate.swift in Sources */,
				FE69B307255C084800556480 /* SceneDelegate.swift in Sources */,
			);
			runOnlyForDeploymentPostprocessing = 0;
		};
		FE69B320255C084C00556480 /* Sources */ = {
			isa = PBXSourcesBuildPhase;
			buildActionMask = 2147483647;
			files = (
				FE69B32E255C084C00556480 /* NotificationController.swift in Sources */,
				FE69B330255C084C00556480 /* ComplicationController.swift in Sources */,
				FE69B32C255C084C00556480 /* ExtensionDelegate.swift in Sources */,
				FE69B32A255C084C00556480 /* InterfaceController.swift in Sources */,
			);
			runOnlyForDeploymentPostprocessing = 0;
		};
/* End PBXSourcesBuildPhase section */

/* Begin PBXTargetDependency section */
		FE63EB5B25697C1B00C40839 /* PBXTargetDependency */ = {
			isa = PBXTargetDependency;
			target = FE69B314255C084A00556480 /* ETtracker WatchKit App */;
			targetProxy = FE63EB5A25697C1B00C40839 /* PBXContainerItemProxy */;
		};
		FE63EB5E25697C2900C40839 /* PBXTargetDependency */ = {
			isa = PBXTargetDependency;
			target = FE69B323255C084C00556480 /* ETtracker WatchKit Extension */;
			targetProxy = FE63EB5D25697C2900C40839 /* PBXContainerItemProxy */;
		};
		FE69B318255C084A00556480 /* PBXTargetDependency */ = {
			isa = PBXTargetDependency;
			target = FE69B314255C084A00556480 /* ETtracker WatchKit App */;
			targetProxy = FE69B317255C084A00556480 /* PBXContainerItemProxy */;
		};
		FE69B327255C084C00556480 /* PBXTargetDependency */ = {
			isa = PBXTargetDependency;
			target = FE69B323255C084C00556480 /* ETtracker WatchKit Extension */;
			targetProxy = FE69B326255C084C00556480 /* PBXContainerItemProxy */;
		};
/* End PBXTargetDependency section */

/* Begin PBXVariantGroup section */
		FE69B30A255C084800556480 /* Main.storyboard */ = {
			isa = PBXVariantGroup;
			children = (
				FE69B30B255C084800556480 /* Base */,
			);
			name = Main.storyboard;
			sourceTree = "<group>";
		};
		FE69B30F255C084A00556480 /* LaunchScreen.storyboard */ = {
			isa = PBXVariantGroup;
			children = (
				FE69B310255C084A00556480 /* Base */,
			);
			name = LaunchScreen.storyboard;
			sourceTree = "<group>";
		};
		FE69B31A255C084A00556480 /* Interface.storyboard */ = {
			isa = PBXVariantGroup;
			children = (
				FE69B31B255C084A00556480 /* Base */,
			);
			name = Interface.storyboard;
			sourceTree = "<group>";
		};
/* End PBXVariantGroup section */

/* Begin XCBuildConfiguration section */
		FE69B335255C084D00556480 /* Debug */ = {
			isa = XCBuildConfiguration;
			buildSettings = {
				ALWAYS_SEARCH_USER_PATHS = NO;
				CLANG_ANALYZER_NONNULL = YES;
				CLANG_ANALYZER_NUMBER_OBJECT_CONVERSION = YES_AGGRESSIVE;
				CLANG_CXX_LANGUAGE_STANDARD = "gnu++14";
				CLANG_CXX_LIBRARY = "libc++";
				CLANG_ENABLE_MODULES = YES;
				CLANG_ENABLE_OBJC_ARC = YES;
				CLANG_ENABLE_OBJC_WEAK = YES;
				CLANG_WARN_BLOCK_CAPTURE_AUTORELEASING = YES;
				CLANG_WARN_BOOL_CONVERSION = YES;
				CLANG_WARN_COMMA = YES;
				CLANG_WARN_CONSTANT_CONVERSION = YES;
				CLANG_WARN_DEPRECATED_OBJC_IMPLEMENTATIONS = YES;
				CLANG_WARN_DIRECT_OBJC_ISA_USAGE = YES_ERROR;
				CLANG_WARN_DOCUMENTATION_COMMENTS = YES;
				CLANG_WARN_EMPTY_BODY = YES;
				CLANG_WARN_ENUM_CONVERSION = YES;
				CLANG_WARN_INFINITE_RECURSION = YES;
				CLANG_WARN_INT_CONVERSION = YES;
				CLANG_WARN_NON_LITERAL_NULL_CONVERSION = YES;
				CLANG_WARN_OBJC_IMPLICIT_RETAIN_SELF = YES;
				CLANG_WARN_OBJC_LITERAL_CONVERSION = YES;
				CLANG_WARN_OBJC_ROOT_CLASS = YES_ERROR;
				CLANG_WARN_QUOTED_INCLUDE_IN_FRAMEWORK_HEADER = YES;
				CLANG_WARN_RANGE_LOOP_ANALYSIS = YES;
				CLANG_WARN_STRICT_PROTOTYPES = YES;
				CLANG_WARN_SUSPICIOUS_MOVE = YES;
				CLANG_WARN_UNGUARDED_AVAILABILITY = YES_AGGRESSIVE;
				CLANG_WARN_UNREACHABLE_CODE = YES;
				CLANG_WARN__DUPLICATE_METHOD_MATCH = YES;
				COPY_PHASE_STRIP = NO;
				DEBUG_INFORMATION_FORMAT = dwarf;
				ENABLE_STRICT_OBJC_MSGSEND = YES;
				ENABLE_TESTABILITY = YES;
				GCC_C_LANGUAGE_STANDARD = gnu11;
				GCC_DYNAMIC_NO_PIC = NO;
				GCC_NO_COMMON_BLOCKS = YES;
				GCC_OPTIMIZATION_LEVEL = 0;
				GCC_PREPROCESSOR_DEFINITIONS = (
					"DEBUG=1",
					"$(inherited)",
				);
				GCC_WARN_64_TO_32_BIT_CONVERSION = YES;
				GCC_WARN_ABOUT_RETURN_TYPE = YES_ERROR;
				GCC_WARN_UNDECLARED_SELECTOR = YES;
				GCC_WARN_UNINITIALIZED_AUTOS = YES_AGGRESSIVE;
				GCC_WARN_UNUSED_FUNCTION = YES;
				GCC_WARN_UNUSED_VARIABLE = YES;
				MTL_ENABLE_DEBUG_INFO = INCLUDE_SOURCE;
				MTL_FAST_MATH = YES;
				ONLY_ACTIVE_ARCH = YES;
				SWIFT_ACTIVE_COMPILATION_CONDITIONS = DEBUG;
				SWIFT_OPTIMIZATION_LEVEL = "-Onone";
			};
			name = Debug;
		};
		FE69B336255C084D00556480 /* Release */ = {
			isa = XCBuildConfiguration;
			buildSettings = {
				ALWAYS_SEARCH_USER_PATHS = NO;
				CLANG_ANALYZER_NONNULL = YES;
				CLANG_ANALYZER_NUMBER_OBJECT_CONVERSION = YES_AGGRESSIVE;
				CLANG_CXX_LANGUAGE_STANDARD = "gnu++14";
				CLANG_CXX_LIBRARY = "libc++";
				CLANG_ENABLE_MODULES = YES;
				CLANG_ENABLE_OBJC_ARC = YES;
				CLANG_ENABLE_OBJC_WEAK = YES;
				CLANG_WARN_BLOCK_CAPTURE_AUTORELEASING = YES;
				CLANG_WARN_BOOL_CONVERSION = YES;
				CLANG_WARN_COMMA = YES;
				CLANG_WARN_CONSTANT_CONVERSION = YES;
				CLANG_WARN_DEPRECATED_OBJC_IMPLEMENTATIONS = YES;
				CLANG_WARN_DIRECT_OBJC_ISA_USAGE = YES_ERROR;
				CLANG_WARN_DOCUMENTATION_COMMENTS = YES;
				CLANG_WARN_EMPTY_BODY = YES;
				CLANG_WARN_ENUM_CONVERSION = YES;
				CLANG_WARN_INFINITE_RECURSION = YES;
				CLANG_WARN_INT_CONVERSION = YES;
				CLANG_WARN_NON_LITERAL_NULL_CONVERSION = YES;
				CLANG_WARN_OBJC_IMPLICIT_RETAIN_SELF = YES;
				CLANG_WARN_OBJC_LITERAL_CONVERSION = YES;
				CLANG_WARN_OBJC_ROOT_CLASS = YES_ERROR;
				CLANG_WARN_QUOTED_INCLUDE_IN_FRAMEWORK_HEADER = YES;
				CLANG_WARN_RANGE_LOOP_ANALYSIS = YES;
				CLANG_WARN_STRICT_PROTOTYPES = YES;
				CLANG_WARN_SUSPICIOUS_MOVE = YES;
				CLANG_WARN_UNGUARDED_AVAILABILITY = YES_AGGRESSIVE;
				CLANG_WARN_UNREACHABLE_CODE = YES;
				CLANG_WARN__DUPLICATE_METHOD_MATCH = YES;
				COPY_PHASE_STRIP = NO;
				DEBUG_INFORMATION_FORMAT = "dwarf-with-dsym";
				ENABLE_NS_ASSERTIONS = NO;
				ENABLE_STRICT_OBJC_MSGSEND = YES;
				GCC_C_LANGUAGE_STANDARD = gnu11;
				GCC_NO_COMMON_BLOCKS = YES;
				GCC_WARN_64_TO_32_BIT_CONVERSION = YES;
				GCC_WARN_ABOUT_RETURN_TYPE = YES_ERROR;
				GCC_WARN_UNDECLARED_SELECTOR = YES;
				GCC_WARN_UNINITIALIZED_AUTOS = YES_AGGRESSIVE;
				GCC_WARN_UNUSED_FUNCTION = YES;
				GCC_WARN_UNUSED_VARIABLE = YES;
				MTL_ENABLE_DEBUG_INFO = NO;
				MTL_FAST_MATH = YES;
				SWIFT_COMPILATION_MODE = wholemodule;
				SWIFT_OPTIMIZATION_LEVEL = "-O";
			};
			name = Release;
		};
		FE69B338255C084D00556480 /* Debug */ = {
			isa = XCBuildConfiguration;
			buildSettings = {
				ASSETCATALOG_COMPILER_COMPLICATION_NAME = Complication;
				CODE_SIGN_STYLE = Automatic;
				CURRENT_PROJECT_VERSION = 3;
				DEVELOPMENT_TEAM = C4WF9B9K7C;
				INFOPLIST_FILE = "ETtracker WatchKit Extension/Info.plist";
				LD_RUNPATH_SEARCH_PATHS = (
					"$(inherited)",
					"@executable_path/Frameworks",
					"@executable_path/../../Frameworks",
				);
				MARKETING_VERSION = 1.3;
				PRODUCT_BUNDLE_IDENTIFIER = com.hangtech.path.ETtrackerLive;
				PRODUCT_NAME = "${TARGET_NAME}";
				SDKROOT = watchos;
				SKIP_INSTALL = YES;
				SWIFT_VERSION = 5.0;
				TARGETED_DEVICE_FAMILY = 4;
				WATCHOS_DEPLOYMENT_TARGET = 7.1;
			};
			name = Debug;
		};
		FE69B339255C084D00556480 /* Release */ = {
			isa = XCBuildConfiguration;
			buildSettings = {
				ASSETCATALOG_COMPILER_COMPLICATION_NAME = Complication;
				CODE_SIGN_STYLE = Automatic;
				CURRENT_PROJECT_VERSION = 3;
				DEVELOPMENT_TEAM = C4WF9B9K7C;
				INFOPLIST_FILE = "ETtracker WatchKit Extension/Info.plist";
				LD_RUNPATH_SEARCH_PATHS = (
					"$(inherited)",
					"@executable_path/Frameworks",
					"@executable_path/../../Frameworks",
				);
				MARKETING_VERSION = 1.3;
				PRODUCT_BUNDLE_IDENTIFIER = com.hangtech.path.ETtrackerLive;
				PRODUCT_NAME = "${TARGET_NAME}";
				SDKROOT = watchos;
				SKIP_INSTALL = YES;
				SWIFT_VERSION = 5.0;
				TARGETED_DEVICE_FAMILY = 4;
				VALIDATE_PRODUCT = YES;
				WATCHOS_DEPLOYMENT_TARGET = 7.1;
			};
			name = Release;
		};
		FE69B33C255C084D00556480 /* Debug */ = {
			isa = XCBuildConfiguration;
			buildSettings = {
				ALWAYS_EMBED_SWIFT_STANDARD_LIBRARIES = YES;
				ASSETCATALOG_COMPILER_APPICON_NAME = AppIcon;
				ASSETCATALOG_COMPILER_GLOBAL_ACCENT_COLOR_NAME = AccentColor;
				CODE_SIGN_STYLE = Automatic;
				CURRENT_PROJECT_VERSION = 3;
				DEVELOPMENT_TEAM = C4WF9B9K7C;
				IBSC_MODULE = ETtracker_WatchKit_Extension;
				INFOPLIST_FILE = "ETtracker WatchKit App/Info.plist";
				MARKETING_VERSION = 1.3;
				PRODUCT_BUNDLE_IDENTIFIER = com.hangtech.path.ETtrackerLive;
				PRODUCT_NAME = "$(TARGET_NAME)";
				SDKROOT = watchos;
				SKIP_INSTALL = YES;
				SWIFT_VERSION = 5.0;
				TARGETED_DEVICE_FAMILY = 4;
				WATCHOS_DEPLOYMENT_TARGET = 7.1;
			};
			name = Debug;
		};
		FE69B33D255C084D00556480 /* Release */ = {
			isa = XCBuildConfiguration;
			buildSettings = {
				ALWAYS_EMBED_SWIFT_STANDARD_LIBRARIES = YES;
				ASSETCATALOG_COMPILER_APPICON_NAME = AppIcon;
				ASSETCATALOG_COMPILER_GLOBAL_ACCENT_COLOR_NAME = AccentColor;
				CODE_SIGN_STYLE = Automatic;
				CURRENT_PROJECT_VERSION = 3;
				DEVELOPMENT_TEAM = C4WF9B9K7C;
				IBSC_MODULE = ETtracker_WatchKit_Extension;
				INFOPLIST_FILE = "ETtracker WatchKit App/Info.plist";
				MARKETING_VERSION = 1.3;
				PRODUCT_BUNDLE_IDENTIFIER = com.hangtech.path.ETtrackerLive;
				PRODUCT_NAME = "$(TARGET_NAME)";
				SDKROOT = watchos;
				SKIP_INSTALL = YES;
				SWIFT_VERSION = 5.0;
				TARGETED_DEVICE_FAMILY = 4;
				VALIDATE_PRODUCT = YES;
				WATCHOS_DEPLOYMENT_TARGET = 7.1;
			};
			name = Release;
		};
		FE69B340255C084D00556480 /* Debug */ = {
			isa = XCBuildConfiguration;
			buildSettings = {
				ASSETCATALOG_COMPILER_APPICON_NAME = AppIcon;
				ASSETCATALOG_COMPILER_GLOBAL_ACCENT_COLOR_NAME = AccentColor;
				CODE_SIGN_STYLE = Automatic;
				CURRENT_PROJECT_VERSION = 3;
				DEVELOPMENT_TEAM = C4WF9B9K7C;
				INFOPLIST_FILE = ETtracker/Info.plist;
				IPHONEOS_DEPLOYMENT_TARGET = 14.2;
				LD_RUNPATH_SEARCH_PATHS = (
					"$(inherited)",
					"@executable_path/Frameworks",
				);
				MARKETING_VERSION = 1.3;
				PRODUCT_BUNDLE_IDENTIFIER = com.hangtech.path.ETtrackerLive;
				PRODUCT_NAME = "$(TARGET_NAME)";
				SDKROOT = iphoneos;
				SWIFT_VERSION = 5.0;
				TARGETED_DEVICE_FAMILY = "1,2";
			};
			name = Debug;
		};
		FE69B341255C084D00556480 /* Release */ = {
			isa = XCBuildConfiguration;
			buildSettings = {
				ASSETCATALOG_COMPILER_APPICON_NAME = AppIcon;
				ASSETCATALOG_COMPILER_GLOBAL_ACCENT_COLOR_NAME = AccentColor;
				CODE_SIGN_STYLE = Automatic;
				CURRENT_PROJECT_VERSION = 3;
				DEVELOPMENT_TEAM = C4WF9B9K7C;
				INFOPLIST_FILE = ETtracker/Info.plist;
				IPHONEOS_DEPLOYMENT_TARGET = 14.2;
				LD_RUNPATH_SEARCH_PATHS = (
					"$(inherited)",
					"@executable_path/Frameworks",
				);
				MARKETING_VERSION = 1.3;
				PRODUCT_BUNDLE_IDENTIFIER = com.hangtech.path.ETtrackerLive;
				PRODUCT_NAME = "$(TARGET_NAME)";
				SDKROOT = iphoneos;
				SWIFT_VERSION = 5.0;
				TARGETED_DEVICE_FAMILY = "1,2";
				VALIDATE_PRODUCT = YES;
			};
			name = Release;
		};
/* End XCBuildConfiguration section */

/* Begin XCConfigurationList section */
		FE69B2FC255C084700556480 /* Build configuration list for PBXProject "ETtracker" */ = {
			isa = XCConfigurationList;
			buildConfigurations = (
				FE69B335255C084D00556480 /* Debug */,
				FE69B336255C084D00556480 /* Release */,
			);
			defaultConfigurationIsVisible = 0;
			defaultConfigurationName = Release;
		};
		FE69B337255C084D00556480 /* Build configuration list for PBXNativeTarget "ETtracker WatchKit Extension" */ = {
			isa = XCConfigurationList;
			buildConfigurations = (
				FE69B338255C084D00556480 /* Debug */,
				FE69B339255C084D00556480 /* Release */,
			);
			defaultConfigurationIsVisible = 0;
			defaultConfigurationName = Release;
		};
		FE69B33B255C084D00556480 /* Build configuration list for PBXNativeTarget "ETtracker WatchKit App" */ = {
			isa = XCConfigurationList;
			buildConfigurations = (
				FE69B33C255C084D00556480 /* Debug */,
				FE69B33D255C084D00556480 /* Release */,
			);
			defaultConfigurationIsVisible = 0;
			defaultConfigurationName = Release;
		};
		FE69B33F255C084D00556480 /* Build configuration list for PBXNativeTarget "ETtracker" */ = {
			isa = XCConfigurationList;
			buildConfigurations = (
				FE69B340255C084D00556480 /* Debug */,
				FE69B341255C084D00556480 /* Release */,
			);
			defaultConfigurationIsVisible = 0;
			defaultConfigurationName = Release;
		};
/* End XCConfigurationList section */
	};
	rootObject = FE69B2F9255C084700556480 /* Project object */;
}
